
Microsoft Visual Studio Solution File, Format Version 12.00
Project("{FAE04EC0-301F-11D3-BF4B-00C04F79EFBC}") = "OOP_01", "OOP_01\OOP_01.csproj", "{AFC98321-A70D-4A0A-BFA6-742EE7A5A7BA}"
EndProject
Project("{FAE04EC0-301F-11D3-BF4B-00C04F79EFBC}") = "OOP_06", "OOP_06\OOP_06.csproj", "{AFB0ECBD-BB70-4BAC-A667-0CFC1A073977}"
EndProject
Project("{FAE04EC0-301F-11D3-BF4B-00C04F79EFBC}") = "OOP_07.1", "OOP_07.1\OOP_07.1.csproj", "{2B1230F3-FF8E-4806-8205-F2F7A0D8376B}"
EndProject
Project("{FAE04EC0-301F-11D3-BF4B-00C04F79EFBC}") = "OOP_07.2", "OOP_07.2\OOP_07.2.csproj", "{83D6D4FF-6228-4E44-8C1E-C8060A64BBED}"
EndProject
Project("{FAE04EC0-301F-11D3-BF4B-00C04F79EFBC}") = "OOP_07.3", "OOP_07.3\OOP_07.3.csproj", "{8586B9EC-7654-4CF1-BB87-4665EA4F6BED}"
EndProject
Project("{FAE04EC0-301F-11D3-BF4B-00C04F79EFBC}") = "DateTime", "DateTime\DateTime.csproj", "{F531995F-ACBF-4C5A-9807-25F7482BCED6}"
EndProject
Project("{FAE04EC0-301F-11D3-BF4B-00C04F79EFBC}") = "OOP_08.1", "OOP_08.1\OOP_08.1.csproj", "{9C207263-360A-4FF4-8094-28D498463847}"
EndProject
Project("{FAE04EC0-301F-11D3-BF4B-00C04F79EFBC}") = "OOP_08.2", "OOP_08.2\OOP_08.2.csproj", "{29E39A7A-A4D2-40B4-9207-5BC8EC8D038F}"
EndProject
Project("{FAE04EC0-301F-11D3-BF4B-00C04F79EFBC}") = "OOP_08.3", "OOP_08.3\OOP_08.3.csproj", "{F520DC9D-A7FC-4308-A388-ACD01E775EF4}"
EndProject
Project("{FAE04EC0-301F-11D3-BF4B-00C04F79EFBC}") = "OOP_09.1", "OOP_09.1\OOP_09.1.csproj", "{E9E75FCA-AAE5-4745-BFE9-77478948530C}"
EndProject
Project("{FAE04EC0-301F-11D3-BF4B-00C04F79EFBC}") = "OOP_09.2", "OOP_09.2\OOP_09.2.csproj", "{6DB1083A-C7CB-401B-8F05-F144F50153C4}"
EndProject
Project("{FAE04EC0-301F-11D3-BF4B-00C04F79EFBC}") = "OOP_09.3", "OOP_09.3\OOP_09.3.csproj", "{47966B57-72E3-4134-AEF6-6D36A457935D}"
EndProject
Project("{FAE04EC0-301F-11D3-BF4B-00C04F79EFBC}") = "PP37", "PP37\PP37.csproj", "{9C3076CF-6DF9-4219-A25D-DEC234887B3F}"
EndProject
Project("{FAE04EC0-301F-11D3-BF4B-00C04F79EFBC}") = "OOP_01A", "OOP_01A\OOP_01A.csproj", "{DFD2654A-4309-4DDF-8F82-F3FFEFFDEA7C}"
EndProject
Project("{FAE04EC0-301F-11D3-BF4B-00C04F79EFBC}") = "OOP_10.1", "OOP_10.1\OOP_10.1.csproj", "{227CEBFB-331E-4724-87CE-D449114DA4F5}"
EndProject
Project("{FAE04EC0-301F-11D3-BF4B-00C04F79EFBC}") = "OOP_10.2", "OOP_10.2\OOP_10.2.csproj", "{16593ECD-77DC-4A9C-A2A4-F8965FD89C55}"
EndProject
Project("{FAE04EC0-301F-11D3-BF4B-00C04F79EFBC}") = "OOP_10.3", "OOP_10.3\OOP_10.3.csproj", "{149CD68C-0F7C-436E-A8E3-BD3084894D02}"
EndProject
Project("{FAE04EC0-301F-11D3-BF4B-00C04F79EFBC}") = "OOP_10.4", "OOP_10.4\OOP_10.4.csproj", "{2DCBEBB9-9F0D-4992-84EA-D5DED97C4201}"
EndProject
Project("{FAE04EC0-301F-11D3-BF4B-00C04F79EFBC}") = "OOP_06.4 ExtensionMethod", "OOP_06.4 ExtensionMethod\OOP_06.4 ExtensionMethod.csproj", "{D5E6EDA6-F999-4A5B-B1EA-832F3F09A84E}"
EndProject
Project("{FAE04EC0-301F-11D3-BF4B-00C04F79EFBC}") = "OOP_11.1", "OOP_11.1\OOP_11.1.csproj", "{3025A5FF-FFA3-4202-97B1-F02E829444B3}"
EndProject
Project("{FAE04EC0-301F-11D3-BF4B-00C04F79EFBC}") = "OOP_11.2", "OOP_11.2\OOP_11.2.csproj", "{18139138-579A-4ECC-9D96-A0681938D095}"
EndProject
Project("{FAE04EC0-301F-11D3-BF4B-00C04F79EFBC}") = "OOP_11.3", "OOP_11.3\OOP_11.3.csproj", "{0E22D3C4-B6CF-4726-8953-0284F86ABA0B}"
EndProject
Project("{FAE04EC0-301F-11D3-BF4B-00C04F79EFBC}") = "OOP_12.1 Events", "OOP_12.1 Events\OOP_12.1 Events.csproj", "{F03A7B5B-2DED-49F9-B843-7BE5545889C8}"
EndProject
Project("{FAE04EC0-301F-11D3-BF4B-00C04F79EFBC}") = "OOP_12.2 Events", "OOP_12.2 Events\OOP_12.2 Events.csproj", "{67207CDB-0B21-4596-9ABB-5475644852AE}"
EndProject
Project("{FAE04EC0-301F-11D3-BF4B-00C04F79EFBC}") = "OOP_13.1 Threads", "OOP_13.1 Threads\OOP_13.1 Threads.csproj", "{E5D53B1F-9F85-4035-BBD5-BDD1685223C4}"
EndProject
Project("{FAE04EC0-301F-11D3-BF4B-00C04F79EFBC}") = "OOP_03.1", "OOP_03.1\OOP_03.1.csproj", "{A386AEAB-0DAE-4D55-A825-8672C1450055}"
EndProject
Project("{FAE04EC0-301F-11D3-BF4B-00C04F79EFBC}") = "OOP_03.4", "OOP_03.4\OOP_03.4.csproj", "{99F4330A-4EF0-4470-9BED-222B6F93B297}"
EndProject
Project("{FAE04EC0-301F-11D3-BF4B-00C04F79EFBC}") = "OOP_14.1 Collections", "OOP_14.1 Collections\OOP_14.1 Collections.csproj", "{36A9261B-AF1A-447F-A11F-173E9C2D71B1}"
EndProject
Project("{FAE04EC0-301F-11D3-BF4B-00C04F79EFBC}") = "OOP_14.2 Collections", "OOP_14.2 Collections\OOP_14.2 Collections.csproj", "{BE12D084-83D9-4996-97BC-3271100E182E}"
EndProject
Project("{FAE04EC0-301F-11D3-BF4B-00C04F79EFBC}") = "OOP_14.4 Collections", "OOP_14.4 Collections\OOP_14.4 Collections.csproj", "{11D49416-1005-41E5-8B90-822E30682DCA}"
EndProject
Project("{2150E333-8FDC-42A3-9474-1A3956D46DE8}") = "Events", "Events", "{C1AC07E6-395C-4369-8282-029DA5716D1B}"
EndProject
Project("{2150E333-8FDC-42A3-9474-1A3956D46DE8}") = "Threads", "Threads", "{53799734-D9C7-4BE8-8FBD-824184F919B1}"
EndProject
Project("{2150E333-8FDC-42A3-9474-1A3956D46DE8}") = "Generics", "Generics", "{8D60223C-C62B-466A-AF52-C41B9CE14999}"
EndProject
Project("{2150E333-8FDC-42A3-9474-1A3956D46DE8}") = "Collections", "Collections", "{00057BC9-BB8E-4162-97E5-B8CF08860C6A}"
EndProject
Project("{2150E333-8FDC-42A3-9474-1A3956D46DE8}") = "Delegates", "Delegates", "{CA76FCC6-A35C-406F-A2F2-72E7522D5D04}"
EndProject
Project("{2150E333-8FDC-42A3-9474-1A3956D46DE8}") = "Enums", "Enums", "{3DA0C6C3-9306-4EE8-BA08-882964355592}"
EndProject
Project("{2150E333-8FDC-42A3-9474-1A3956D46DE8}") = "Structs", "Structs", "{1F166F7B-8171-4678-AC6F-AED25740879D}"
EndProject
Project("{FAE04EC0-301F-11D3-BF4B-00C04F79EFBC}") = "Falling letter", "Falling letter\Falling letter.csproj", "{B984A027-E3ED-4B04-8EA9-D79F6EA51B6F}"
EndProject
Project("{FAE04EC0-301F-11D3-BF4B-00C04F79EFBC}") = "Falling letter double", "Falling letter double\Falling letter double.csproj", "{45BC450B-4FF9-41E5-8C77-55D32131ED34}"
EndProject
Project("{2150E333-8FDC-42A3-9474-1A3956D46DE8}") = "Exceptions", "Exceptions", "{B6DBAC69-715D-484E-AA31-9B9466C4C934}"
EndProject
Project("{FAE04EC0-301F-11D3-BF4B-00C04F79EFBC}") = "OOP_15.1", "OOP_15.1\OOP_15.1.csproj", "{64ACE70A-51CE-459B-AEC0-0510F77292F6}"
EndProject
Project("{FAE04EC0-301F-11D3-BF4B-00C04F79EFBC}") = "OOP_15.2", "OOP_15.2\OOP_15.2.csproj", "{E6FECC85-A527-408B-A786-2C716F48B239}"
EndProject
Project("{FAE04EC0-301F-11D3-BF4B-00C04F79EFBC}") = "OOP_15.3", "OOP_15.3\OOP_15.3.csproj", "{30A0C6C1-A19F-4CB5-BBF6-3830F299830B}"
EndProject
Project("{2150E333-8FDC-42A3-9474-1A3956D46DE8}") = "OperatorsObjectClone", "OperatorsObjectClone", "{FEA463BB-81D6-48AD-9D16-D92480C82A38}"
EndProject
Project("{FAE04EC0-301F-11D3-BF4B-00C04F79EFBC}") = "OOP_16.1", "OOP_16.1\OOP_16.1.csproj", "{3FC3642C-F97C-43B6-8463-F2A67321DE86}"
EndProject
Project("{FAE04EC0-301F-11D3-BF4B-00C04F79EFBC}") = "OOP_16.2", "OOP_16.2\OOP_16.2.csproj", "{CAA8A2D6-6F8C-4543-B8B7-89233784D488}"
EndProject
Project("{FAE04EC0-301F-11D3-BF4B-00C04F79EFBC}") = "OOP_16.3", "OOP_16.3\OOP_16.3.csproj", "{CDAC39AD-D86C-44BD-B1D2-8535580783A8}"
EndProject
Project("{FAE04EC0-301F-11D3-BF4B-00C04F79EFBC}") = "OOP_16.4", "OOP_16.4\OOP_16.4.csproj", "{84BA8F51-3D11-4D59-A1DE-79B50C13DE46}"
EndProject
Project("{2150E333-8FDC-42A3-9474-1A3956D46DE8}") = "Anonim LINQ dynamic", "Anonim LINQ dynamic", "{7FE81CB2-A4F3-43FC-B348-27A560795AD4}"
EndProject
Project("{FAE04EC0-301F-11D3-BF4B-00C04F79EFBC}") = "OOP_17.1", "OOP_17.1\OOP_17.1.csproj", "{586254D3-7C9F-4BB0-BB56-D1D42C67DA0A}"
EndProject
Project("{FAE04EC0-301F-11D3-BF4B-00C04F79EFBC}") = "OOP_17.2", "OOP_17.2\OOP_17.2.csproj", "{65A27E77-8CAA-428D-8704-8F0B6D801F4B}"
EndProject
Project("{FAE04EC0-301F-11D3-BF4B-00C04F79EFBC}") = "OOP_17.3", "OOP_17.3\OOP_17.3.csproj", "{AB07E9AB-5DC9-42BA-9186-84E0DEAC7D1B}"
EndProject
Project("{2150E333-8FDC-42A3-9474-1A3956D46DE8}") = "Namespaces", "Namespaces", "{CD4D07D8-CBAC-4DD0-B8F7-18A18510A573}"
EndProject
Project("{FAE04EC0-301F-11D3-BF4B-00C04F79EFBC}") = "OOP_18.1", "OOP_18.1\OOP_18.1.csproj", "{1CDA1544-C1EA-43EB-A3E5-BBDD1A751784}"
EndProject
Project("{FAE04EC0-301F-11D3-BF4B-00C04F79EFBC}") = "OOP_18.2", "OOP_18.2\OOP_18.2.csproj", "{2722DD4F-9665-4D61-89C1-113174338C5E}"
EndProject
Project("{FAE04EC0-301F-11D3-BF4B-00C04F79EFBC}") = "OOP_18.3", "OOP_18.3\OOP_18.3.csproj", "{40052F0C-7F4E-4135-9028-B29CF552AA38}"
EndProject
Project("{FAE04EC0-301F-11D3-BF4B-00C04F79EFBC}") = "External dll", "External dll\External dll.csproj", "{CCCD594F-A863-4B28-84F5-735B3B521A70}"
EndProject
Project("{2150E333-8FDC-42A3-9474-1A3956D46DE8}") = "Algorithm", "Algorithm", "{4F89B98B-FC8E-4B83-9CB6-D1CE90F174EC}"
EndProject
Project("{FAE04EC0-301F-11D3-BF4B-00C04F79EFBC}") = "A01.1", "A01.1\A01.1.csproj", "{9BC8D295-8857-4BEB-B30C-5A216E93127B}"
EndProject
Project("{FAE04EC0-301F-11D3-BF4B-00C04F79EFBC}") = "A01.2", "A01.2\A01.2.csproj", "{E3FDED96-7E09-4756-9177-051197F2CB6E}"
EndProject
Project("{2150E333-8FDC-42A3-9474-1A3956D46DE8}") = "A01", "A01", "{B0887B34-61EE-4B84-91B9-AFB539B8ABF2}"
EndProject
Project("{2150E333-8FDC-42A3-9474-1A3956D46DE8}") = "A02", "A02", "{9D5F14AF-7AEA-4653-B49D-2489DCC5F67A}"
EndProject
Project("{FAE04EC0-301F-11D3-BF4B-00C04F79EFBC}") = "A02.1", "A02.1\A02.1.csproj", "{FEB781F4-15A6-41EC-903B-0C1BB4A933AB}"
EndProject
Project("{FAE04EC0-301F-11D3-BF4B-00C04F79EFBC}") = "A02.2", "A02.2\A02.2.csproj", "{64C6EA75-4E9B-40A2-BA99-F951A4B573FB}"
EndProject
Project("{FAE04EC0-301F-11D3-BF4B-00C04F79EFBC}") = "A02.3", "A02.3\A02.3.csproj", "{814070A1-B0CE-4CD3-A58D-D391ABCAED5C}"
EndProject
Project("{2150E333-8FDC-42A3-9474-1A3956D46DE8}") = "A03", "A03", "{9002A589-A03F-4C3E-B6AF-72D51036E66D}"
EndProject
Project("{FAE04EC0-301F-11D3-BF4B-00C04F79EFBC}") = "A03.1", "A03.1\A03.1.csproj", "{31DD291E-FBF1-4B8F-A848-8FED0A3B952F}"
EndProject
Project("{FAE04EC0-301F-11D3-BF4B-00C04F79EFBC}") = "InsertionSort", "InsertionSort\InsertionSort.csproj", "{99A43ABC-A1D3-477B-BCDE-C8C26A8A16D4}"
EndProject
Project("{2150E333-8FDC-42A3-9474-1A3956D46DE8}") = "A04", "A04", "{E2E61FE6-67F8-4C1F-9860-6B071861E8C1}"
EndProject
Project("{FAE04EC0-301F-11D3-BF4B-00C04F79EFBC}") = "A04.1", "A04.1\A04.1.csproj", "{56F9941D-2085-4DF4-876F-20BDA30E8D6A}"
EndProject
Project("{FAE04EC0-301F-11D3-BF4B-00C04F79EFBC}") = "A04.2", "A04.2\A04.2.csproj", "{CEF0E0A2-E8E7-4144-A731-2DD3AABC1A5A}"
EndProject
Project("{FAE04EC0-301F-11D3-BF4B-00C04F79EFBC}") = "A04.0", "A04.0\A04.0.csproj", "{24D76C89-CCD6-43A3-9143-D11C0448DAA8}"
EndProject
Project("{2150E333-8FDC-42A3-9474-1A3956D46DE8}") = "A05", "A05", "{8FE2E7AA-40A3-4362-84FD-BF2BC61B3821}"
EndProject
Project("{FAE04EC0-301F-11D3-BF4B-00C04F79EFBC}") = "A05.1", "A05.1\A05.1.csproj", "{1EFC7A4E-518E-4EF2-AF4A-2E5EFAEA68F1}"
EndProject
Project("{FAE04EC0-301F-11D3-BF4B-00C04F79EFBC}") = "A05.2", "A05.2\A05.2.csproj", "{6978D6CA-2261-4DD6-B7C8-9B73FCF79993}"
EndProject
Project("{2150E333-8FDC-42A3-9474-1A3956D46DE8}") = "A06", "A06", "{0AFE94CF-CF3E-4B7C-A056-10AE60E6338C}"
EndProject
Project("{FAE04EC0-301F-11D3-BF4B-00C04F79EFBC}") = "A06.1 Graph", "A06.1 Graph\A06.1 Graph.csproj", "{0FC0317D-8CD2-4C08-9273-1D4E44E0E983}"
EndProject
Project("{2150E333-8FDC-42A3-9474-1A3956D46DE8}") = "A07", "A07", "{D880978C-E595-4556-989C-CBCE577E5129}"
EndProject
Project("{FAE04EC0-301F-11D3-BF4B-00C04F79EFBC}") = "A07.1", "A07.1\A07.1.csproj", "{3BAC0B76-40AE-4872-80C9-3DE7C6640FD7}"
EndProject
Project("{FAE04EC0-301F-11D3-BF4B-00C04F79EFBC}") = "A07.2", "A07.2\A07.2.csproj", "{B485A6D4-24A8-4050-B3DC-CACCBA3003E5}"
EndProject
Project("{FAE04EC0-301F-11D3-BF4B-00C04F79EFBC}") = "A08", "A08\A08.csproj", "{113D505B-ED9D-48E2-878B-3EB373BE23FB}"
EndProject
Global
	GlobalSection(SolutionConfigurationPlatforms) = preSolution
		Debug|Any CPU = Debug|Any CPU
		Release|Any CPU = Release|Any CPU
	EndGlobalSection
	GlobalSection(ProjectConfigurationPlatforms) = postSolution
		{AFC98321-A70D-4A0A-BFA6-742EE7A5A7BA}.Debug|Any CPU.ActiveCfg = Debug|Any CPU
		{AFC98321-A70D-4A0A-BFA6-742EE7A5A7BA}.Debug|Any CPU.Build.0 = Debug|Any CPU
		{AFC98321-A70D-4A0A-BFA6-742EE7A5A7BA}.Release|Any CPU.ActiveCfg = Release|Any CPU
		{AFC98321-A70D-4A0A-BFA6-742EE7A5A7BA}.Release|Any CPU.Build.0 = Release|Any CPU
		{AFB0ECBD-BB70-4BAC-A667-0CFC1A073977}.Debug|Any CPU.ActiveCfg = Debug|Any CPU
		{AFB0ECBD-BB70-4BAC-A667-0CFC1A073977}.Debug|Any CPU.Build.0 = Debug|Any CPU
		{AFB0ECBD-BB70-4BAC-A667-0CFC1A073977}.Release|Any CPU.ActiveCfg = Release|Any CPU
		{AFB0ECBD-BB70-4BAC-A667-0CFC1A073977}.Release|Any CPU.Build.0 = Release|Any CPU
		{2B1230F3-FF8E-4806-8205-F2F7A0D8376B}.Debug|Any CPU.ActiveCfg = Debug|Any CPU
		{2B1230F3-FF8E-4806-8205-F2F7A0D8376B}.Debug|Any CPU.Build.0 = Debug|Any CPU
		{2B1230F3-FF8E-4806-8205-F2F7A0D8376B}.Release|Any CPU.ActiveCfg = Release|Any CPU
		{2B1230F3-FF8E-4806-8205-F2F7A0D8376B}.Release|Any CPU.Build.0 = Release|Any CPU
		{83D6D4FF-6228-4E44-8C1E-C8060A64BBED}.Debug|Any CPU.ActiveCfg = Debug|Any CPU
		{83D6D4FF-6228-4E44-8C1E-C8060A64BBED}.Debug|Any CPU.Build.0 = Debug|Any CPU
		{83D6D4FF-6228-4E44-8C1E-C8060A64BBED}.Release|Any CPU.ActiveCfg = Release|Any CPU
		{83D6D4FF-6228-4E44-8C1E-C8060A64BBED}.Release|Any CPU.Build.0 = Release|Any CPU
		{8586B9EC-7654-4CF1-BB87-4665EA4F6BED}.Debug|Any CPU.ActiveCfg = Debug|Any CPU
		{8586B9EC-7654-4CF1-BB87-4665EA4F6BED}.Debug|Any CPU.Build.0 = Debug|Any CPU
		{8586B9EC-7654-4CF1-BB87-4665EA4F6BED}.Release|Any CPU.ActiveCfg = Release|Any CPU
		{8586B9EC-7654-4CF1-BB87-4665EA4F6BED}.Release|Any CPU.Build.0 = Release|Any CPU
		{F531995F-ACBF-4C5A-9807-25F7482BCED6}.Debug|Any CPU.ActiveCfg = Debug|Any CPU
		{F531995F-ACBF-4C5A-9807-25F7482BCED6}.Debug|Any CPU.Build.0 = Debug|Any CPU
		{F531995F-ACBF-4C5A-9807-25F7482BCED6}.Release|Any CPU.ActiveCfg = Release|Any CPU
		{F531995F-ACBF-4C5A-9807-25F7482BCED6}.Release|Any CPU.Build.0 = Release|Any CPU
		{9C207263-360A-4FF4-8094-28D498463847}.Debug|Any CPU.ActiveCfg = Debug|Any CPU
		{9C207263-360A-4FF4-8094-28D498463847}.Debug|Any CPU.Build.0 = Debug|Any CPU
		{9C207263-360A-4FF4-8094-28D498463847}.Release|Any CPU.ActiveCfg = Release|Any CPU
		{9C207263-360A-4FF4-8094-28D498463847}.Release|Any CPU.Build.0 = Release|Any CPU
		{29E39A7A-A4D2-40B4-9207-5BC8EC8D038F}.Debug|Any CPU.ActiveCfg = Debug|Any CPU
		{29E39A7A-A4D2-40B4-9207-5BC8EC8D038F}.Debug|Any CPU.Build.0 = Debug|Any CPU
		{29E39A7A-A4D2-40B4-9207-5BC8EC8D038F}.Release|Any CPU.ActiveCfg = Release|Any CPU
		{29E39A7A-A4D2-40B4-9207-5BC8EC8D038F}.Release|Any CPU.Build.0 = Release|Any CPU
		{F520DC9D-A7FC-4308-A388-ACD01E775EF4}.Debug|Any CPU.ActiveCfg = Debug|Any CPU
		{F520DC9D-A7FC-4308-A388-ACD01E775EF4}.Debug|Any CPU.Build.0 = Debug|Any CPU
		{F520DC9D-A7FC-4308-A388-ACD01E775EF4}.Release|Any CPU.ActiveCfg = Release|Any CPU
		{F520DC9D-A7FC-4308-A388-ACD01E775EF4}.Release|Any CPU.Build.0 = Release|Any CPU
		{E9E75FCA-AAE5-4745-BFE9-77478948530C}.Debug|Any CPU.ActiveCfg = Debug|Any CPU
		{E9E75FCA-AAE5-4745-BFE9-77478948530C}.Debug|Any CPU.Build.0 = Debug|Any CPU
		{E9E75FCA-AAE5-4745-BFE9-77478948530C}.Release|Any CPU.ActiveCfg = Release|Any CPU
		{E9E75FCA-AAE5-4745-BFE9-77478948530C}.Release|Any CPU.Build.0 = Release|Any CPU
		{6DB1083A-C7CB-401B-8F05-F144F50153C4}.Debug|Any CPU.ActiveCfg = Debug|Any CPU
		{6DB1083A-C7CB-401B-8F05-F144F50153C4}.Debug|Any CPU.Build.0 = Debug|Any CPU
		{6DB1083A-C7CB-401B-8F05-F144F50153C4}.Release|Any CPU.ActiveCfg = Release|Any CPU
		{6DB1083A-C7CB-401B-8F05-F144F50153C4}.Release|Any CPU.Build.0 = Release|Any CPU
		{47966B57-72E3-4134-AEF6-6D36A457935D}.Debug|Any CPU.ActiveCfg = Debug|Any CPU
		{47966B57-72E3-4134-AEF6-6D36A457935D}.Debug|Any CPU.Build.0 = Debug|Any CPU
		{47966B57-72E3-4134-AEF6-6D36A457935D}.Release|Any CPU.ActiveCfg = Release|Any CPU
		{47966B57-72E3-4134-AEF6-6D36A457935D}.Release|Any CPU.Build.0 = Release|Any CPU
		{9C3076CF-6DF9-4219-A25D-DEC234887B3F}.Debug|Any CPU.ActiveCfg = Debug|Any CPU
		{9C3076CF-6DF9-4219-A25D-DEC234887B3F}.Debug|Any CPU.Build.0 = Debug|Any CPU
		{9C3076CF-6DF9-4219-A25D-DEC234887B3F}.Release|Any CPU.ActiveCfg = Release|Any CPU
		{9C3076CF-6DF9-4219-A25D-DEC234887B3F}.Release|Any CPU.Build.0 = Release|Any CPU
		{DFD2654A-4309-4DDF-8F82-F3FFEFFDEA7C}.Debug|Any CPU.ActiveCfg = Debug|Any CPU
		{DFD2654A-4309-4DDF-8F82-F3FFEFFDEA7C}.Debug|Any CPU.Build.0 = Debug|Any CPU
		{DFD2654A-4309-4DDF-8F82-F3FFEFFDEA7C}.Release|Any CPU.ActiveCfg = Release|Any CPU
		{DFD2654A-4309-4DDF-8F82-F3FFEFFDEA7C}.Release|Any CPU.Build.0 = Release|Any CPU
		{227CEBFB-331E-4724-87CE-D449114DA4F5}.Debug|Any CPU.ActiveCfg = Debug|Any CPU
		{227CEBFB-331E-4724-87CE-D449114DA4F5}.Debug|Any CPU.Build.0 = Debug|Any CPU
		{227CEBFB-331E-4724-87CE-D449114DA4F5}.Release|Any CPU.ActiveCfg = Release|Any CPU
		{227CEBFB-331E-4724-87CE-D449114DA4F5}.Release|Any CPU.Build.0 = Release|Any CPU
		{16593ECD-77DC-4A9C-A2A4-F8965FD89C55}.Debug|Any CPU.ActiveCfg = Debug|Any CPU
		{16593ECD-77DC-4A9C-A2A4-F8965FD89C55}.Debug|Any CPU.Build.0 = Debug|Any CPU
		{16593ECD-77DC-4A9C-A2A4-F8965FD89C55}.Release|Any CPU.ActiveCfg = Release|Any CPU
		{16593ECD-77DC-4A9C-A2A4-F8965FD89C55}.Release|Any CPU.Build.0 = Release|Any CPU
		{149CD68C-0F7C-436E-A8E3-BD3084894D02}.Debug|Any CPU.ActiveCfg = Debug|Any CPU
		{149CD68C-0F7C-436E-A8E3-BD3084894D02}.Debug|Any CPU.Build.0 = Debug|Any CPU
		{149CD68C-0F7C-436E-A8E3-BD3084894D02}.Release|Any CPU.ActiveCfg = Release|Any CPU
		{149CD68C-0F7C-436E-A8E3-BD3084894D02}.Release|Any CPU.Build.0 = Release|Any CPU
		{2DCBEBB9-9F0D-4992-84EA-D5DED97C4201}.Debug|Any CPU.ActiveCfg = Debug|Any CPU
		{2DCBEBB9-9F0D-4992-84EA-D5DED97C4201}.Debug|Any CPU.Build.0 = Debug|Any CPU
		{2DCBEBB9-9F0D-4992-84EA-D5DED97C4201}.Release|Any CPU.ActiveCfg = Release|Any CPU
		{2DCBEBB9-9F0D-4992-84EA-D5DED97C4201}.Release|Any CPU.Build.0 = Release|Any CPU
		{D5E6EDA6-F999-4A5B-B1EA-832F3F09A84E}.Debug|Any CPU.ActiveCfg = Debug|Any CPU
		{D5E6EDA6-F999-4A5B-B1EA-832F3F09A84E}.Debug|Any CPU.Build.0 = Debug|Any CPU
		{D5E6EDA6-F999-4A5B-B1EA-832F3F09A84E}.Release|Any CPU.ActiveCfg = Release|Any CPU
		{D5E6EDA6-F999-4A5B-B1EA-832F3F09A84E}.Release|Any CPU.Build.0 = Release|Any CPU
		{3025A5FF-FFA3-4202-97B1-F02E829444B3}.Debug|Any CPU.ActiveCfg = Debug|Any CPU
		{3025A5FF-FFA3-4202-97B1-F02E829444B3}.Debug|Any CPU.Build.0 = Debug|Any CPU
		{3025A5FF-FFA3-4202-97B1-F02E829444B3}.Release|Any CPU.ActiveCfg = Release|Any CPU
		{3025A5FF-FFA3-4202-97B1-F02E829444B3}.Release|Any CPU.Build.0 = Release|Any CPU
		{18139138-579A-4ECC-9D96-A0681938D095}.Debug|Any CPU.ActiveCfg = Debug|Any CPU
		{18139138-579A-4ECC-9D96-A0681938D095}.Debug|Any CPU.Build.0 = Debug|Any CPU
		{18139138-579A-4ECC-9D96-A0681938D095}.Release|Any CPU.ActiveCfg = Release|Any CPU
		{18139138-579A-4ECC-9D96-A0681938D095}.Release|Any CPU.Build.0 = Release|Any CPU
		{0E22D3C4-B6CF-4726-8953-0284F86ABA0B}.Debug|Any CPU.ActiveCfg = Debug|Any CPU
		{0E22D3C4-B6CF-4726-8953-0284F86ABA0B}.Debug|Any CPU.Build.0 = Debug|Any CPU
		{0E22D3C4-B6CF-4726-8953-0284F86ABA0B}.Release|Any CPU.ActiveCfg = Release|Any CPU
		{0E22D3C4-B6CF-4726-8953-0284F86ABA0B}.Release|Any CPU.Build.0 = Release|Any CPU
		{F03A7B5B-2DED-49F9-B843-7BE5545889C8}.Debug|Any CPU.ActiveCfg = Debug|Any CPU
		{F03A7B5B-2DED-49F9-B843-7BE5545889C8}.Debug|Any CPU.Build.0 = Debug|Any CPU
		{F03A7B5B-2DED-49F9-B843-7BE5545889C8}.Release|Any CPU.ActiveCfg = Release|Any CPU
		{F03A7B5B-2DED-49F9-B843-7BE5545889C8}.Release|Any CPU.Build.0 = Release|Any CPU
		{67207CDB-0B21-4596-9ABB-5475644852AE}.Debug|Any CPU.ActiveCfg = Debug|Any CPU
		{67207CDB-0B21-4596-9ABB-5475644852AE}.Debug|Any CPU.Build.0 = Debug|Any CPU
		{67207CDB-0B21-4596-9ABB-5475644852AE}.Release|Any CPU.ActiveCfg = Release|Any CPU
		{67207CDB-0B21-4596-9ABB-5475644852AE}.Release|Any CPU.Build.0 = Release|Any CPU
		{E5D53B1F-9F85-4035-BBD5-BDD1685223C4}.Debug|Any CPU.ActiveCfg = Debug|Any CPU
		{E5D53B1F-9F85-4035-BBD5-BDD1685223C4}.Debug|Any CPU.Build.0 = Debug|Any CPU
		{E5D53B1F-9F85-4035-BBD5-BDD1685223C4}.Release|Any CPU.ActiveCfg = Release|Any CPU
		{E5D53B1F-9F85-4035-BBD5-BDD1685223C4}.Release|Any CPU.Build.0 = Release|Any CPU
		{A386AEAB-0DAE-4D55-A825-8672C1450055}.Debug|Any CPU.ActiveCfg = Debug|Any CPU
		{A386AEAB-0DAE-4D55-A825-8672C1450055}.Debug|Any CPU.Build.0 = Debug|Any CPU
		{A386AEAB-0DAE-4D55-A825-8672C1450055}.Release|Any CPU.ActiveCfg = Release|Any CPU
		{A386AEAB-0DAE-4D55-A825-8672C1450055}.Release|Any CPU.Build.0 = Release|Any CPU
		{99F4330A-4EF0-4470-9BED-222B6F93B297}.Debug|Any CPU.ActiveCfg = Debug|Any CPU
		{99F4330A-4EF0-4470-9BED-222B6F93B297}.Debug|Any CPU.Build.0 = Debug|Any CPU
		{99F4330A-4EF0-4470-9BED-222B6F93B297}.Release|Any CPU.ActiveCfg = Release|Any CPU
		{99F4330A-4EF0-4470-9BED-222B6F93B297}.Release|Any CPU.Build.0 = Release|Any CPU
		{36A9261B-AF1A-447F-A11F-173E9C2D71B1}.Debug|Any CPU.ActiveCfg = Debug|Any CPU
		{36A9261B-AF1A-447F-A11F-173E9C2D71B1}.Debug|Any CPU.Build.0 = Debug|Any CPU
		{36A9261B-AF1A-447F-A11F-173E9C2D71B1}.Release|Any CPU.ActiveCfg = Release|Any CPU
		{36A9261B-AF1A-447F-A11F-173E9C2D71B1}.Release|Any CPU.Build.0 = Release|Any CPU
		{BE12D084-83D9-4996-97BC-3271100E182E}.Debug|Any CPU.ActiveCfg = Debug|Any CPU
		{BE12D084-83D9-4996-97BC-3271100E182E}.Debug|Any CPU.Build.0 = Debug|Any CPU
		{BE12D084-83D9-4996-97BC-3271100E182E}.Release|Any CPU.ActiveCfg = Release|Any CPU
		{BE12D084-83D9-4996-97BC-3271100E182E}.Release|Any CPU.Build.0 = Release|Any CPU
		{11D49416-1005-41E5-8B90-822E30682DCA}.Debug|Any CPU.ActiveCfg = Debug|Any CPU
		{11D49416-1005-41E5-8B90-822E30682DCA}.Debug|Any CPU.Build.0 = Debug|Any CPU
		{11D49416-1005-41E5-8B90-822E30682DCA}.Release|Any CPU.ActiveCfg = Release|Any CPU
		{11D49416-1005-41E5-8B90-822E30682DCA}.Release|Any CPU.Build.0 = Release|Any CPU
		{B984A027-E3ED-4B04-8EA9-D79F6EA51B6F}.Debug|Any CPU.ActiveCfg = Debug|Any CPU
		{B984A027-E3ED-4B04-8EA9-D79F6EA51B6F}.Debug|Any CPU.Build.0 = Debug|Any CPU
		{B984A027-E3ED-4B04-8EA9-D79F6EA51B6F}.Release|Any CPU.ActiveCfg = Release|Any CPU
		{B984A027-E3ED-4B04-8EA9-D79F6EA51B6F}.Release|Any CPU.Build.0 = Release|Any CPU
		{45BC450B-4FF9-41E5-8C77-55D32131ED34}.Debug|Any CPU.ActiveCfg = Debug|Any CPU
		{45BC450B-4FF9-41E5-8C77-55D32131ED34}.Debug|Any CPU.Build.0 = Debug|Any CPU
		{45BC450B-4FF9-41E5-8C77-55D32131ED34}.Release|Any CPU.ActiveCfg = Release|Any CPU
		{45BC450B-4FF9-41E5-8C77-55D32131ED34}.Release|Any CPU.Build.0 = Release|Any CPU
		{64ACE70A-51CE-459B-AEC0-0510F77292F6}.Debug|Any CPU.ActiveCfg = Debug|Any CPU
		{64ACE70A-51CE-459B-AEC0-0510F77292F6}.Debug|Any CPU.Build.0 = Debug|Any CPU
		{64ACE70A-51CE-459B-AEC0-0510F77292F6}.Release|Any CPU.ActiveCfg = Release|Any CPU
		{64ACE70A-51CE-459B-AEC0-0510F77292F6}.Release|Any CPU.Build.0 = Release|Any CPU
		{E6FECC85-A527-408B-A786-2C716F48B239}.Debug|Any CPU.ActiveCfg = Debug|Any CPU
		{E6FECC85-A527-408B-A786-2C716F48B239}.Debug|Any CPU.Build.0 = Debug|Any CPU
		{E6FECC85-A527-408B-A786-2C716F48B239}.Release|Any CPU.ActiveCfg = Release|Any CPU
		{E6FECC85-A527-408B-A786-2C716F48B239}.Release|Any CPU.Build.0 = Release|Any CPU
		{30A0C6C1-A19F-4CB5-BBF6-3830F299830B}.Debug|Any CPU.ActiveCfg = Debug|Any CPU
		{30A0C6C1-A19F-4CB5-BBF6-3830F299830B}.Debug|Any CPU.Build.0 = Debug|Any CPU
		{30A0C6C1-A19F-4CB5-BBF6-3830F299830B}.Release|Any CPU.ActiveCfg = Release|Any CPU
		{30A0C6C1-A19F-4CB5-BBF6-3830F299830B}.Release|Any CPU.Build.0 = Release|Any CPU
		{3FC3642C-F97C-43B6-8463-F2A67321DE86}.Debug|Any CPU.ActiveCfg = Debug|Any CPU
		{3FC3642C-F97C-43B6-8463-F2A67321DE86}.Debug|Any CPU.Build.0 = Debug|Any CPU
		{3FC3642C-F97C-43B6-8463-F2A67321DE86}.Release|Any CPU.ActiveCfg = Release|Any CPU
		{3FC3642C-F97C-43B6-8463-F2A67321DE86}.Release|Any CPU.Build.0 = Release|Any CPU
		{CAA8A2D6-6F8C-4543-B8B7-89233784D488}.Debug|Any CPU.ActiveCfg = Debug|Any CPU
		{CAA8A2D6-6F8C-4543-B8B7-89233784D488}.Debug|Any CPU.Build.0 = Debug|Any CPU
		{CAA8A2D6-6F8C-4543-B8B7-89233784D488}.Release|Any CPU.ActiveCfg = Release|Any CPU
		{CAA8A2D6-6F8C-4543-B8B7-89233784D488}.Release|Any CPU.Build.0 = Release|Any CPU
		{CDAC39AD-D86C-44BD-B1D2-8535580783A8}.Debug|Any CPU.ActiveCfg = Debug|Any CPU
		{CDAC39AD-D86C-44BD-B1D2-8535580783A8}.Debug|Any CPU.Build.0 = Debug|Any CPU
		{CDAC39AD-D86C-44BD-B1D2-8535580783A8}.Release|Any CPU.ActiveCfg = Release|Any CPU
		{CDAC39AD-D86C-44BD-B1D2-8535580783A8}.Release|Any CPU.Build.0 = Release|Any CPU
		{84BA8F51-3D11-4D59-A1DE-79B50C13DE46}.Debug|Any CPU.ActiveCfg = Debug|Any CPU
		{84BA8F51-3D11-4D59-A1DE-79B50C13DE46}.Debug|Any CPU.Build.0 = Debug|Any CPU
		{84BA8F51-3D11-4D59-A1DE-79B50C13DE46}.Release|Any CPU.ActiveCfg = Release|Any CPU
		{84BA8F51-3D11-4D59-A1DE-79B50C13DE46}.Release|Any CPU.Build.0 = Release|Any CPU
		{586254D3-7C9F-4BB0-BB56-D1D42C67DA0A}.Debug|Any CPU.ActiveCfg = Debug|Any CPU
		{586254D3-7C9F-4BB0-BB56-D1D42C67DA0A}.Debug|Any CPU.Build.0 = Debug|Any CPU
		{586254D3-7C9F-4BB0-BB56-D1D42C67DA0A}.Release|Any CPU.ActiveCfg = Release|Any CPU
		{586254D3-7C9F-4BB0-BB56-D1D42C67DA0A}.Release|Any CPU.Build.0 = Release|Any CPU
		{65A27E77-8CAA-428D-8704-8F0B6D801F4B}.Debug|Any CPU.ActiveCfg = Debug|Any CPU
		{65A27E77-8CAA-428D-8704-8F0B6D801F4B}.Debug|Any CPU.Build.0 = Debug|Any CPU
		{65A27E77-8CAA-428D-8704-8F0B6D801F4B}.Release|Any CPU.ActiveCfg = Release|Any CPU
		{65A27E77-8CAA-428D-8704-8F0B6D801F4B}.Release|Any CPU.Build.0 = Release|Any CPU
		{AB07E9AB-5DC9-42BA-9186-84E0DEAC7D1B}.Debug|Any CPU.ActiveCfg = Debug|Any CPU
		{AB07E9AB-5DC9-42BA-9186-84E0DEAC7D1B}.Debug|Any CPU.Build.0 = Debug|Any CPU
		{AB07E9AB-5DC9-42BA-9186-84E0DEAC7D1B}.Release|Any CPU.ActiveCfg = Release|Any CPU
		{AB07E9AB-5DC9-42BA-9186-84E0DEAC7D1B}.Release|Any CPU.Build.0 = Release|Any CPU
		{1CDA1544-C1EA-43EB-A3E5-BBDD1A751784}.Debug|Any CPU.ActiveCfg = Debug|Any CPU
		{1CDA1544-C1EA-43EB-A3E5-BBDD1A751784}.Debug|Any CPU.Build.0 = Debug|Any CPU
		{1CDA1544-C1EA-43EB-A3E5-BBDD1A751784}.Release|Any CPU.ActiveCfg = Release|Any CPU
		{1CDA1544-C1EA-43EB-A3E5-BBDD1A751784}.Release|Any CPU.Build.0 = Release|Any CPU
		{2722DD4F-9665-4D61-89C1-113174338C5E}.Debug|Any CPU.ActiveCfg = Debug|Any CPU
		{2722DD4F-9665-4D61-89C1-113174338C5E}.Debug|Any CPU.Build.0 = Debug|Any CPU
		{2722DD4F-9665-4D61-89C1-113174338C5E}.Release|Any CPU.ActiveCfg = Release|Any CPU
		{2722DD4F-9665-4D61-89C1-113174338C5E}.Release|Any CPU.Build.0 = Release|Any CPU
		{40052F0C-7F4E-4135-9028-B29CF552AA38}.Debug|Any CPU.ActiveCfg = Debug|Any CPU
		{40052F0C-7F4E-4135-9028-B29CF552AA38}.Debug|Any CPU.Build.0 = Debug|Any CPU
		{40052F0C-7F4E-4135-9028-B29CF552AA38}.Release|Any CPU.ActiveCfg = Release|Any CPU
		{40052F0C-7F4E-4135-9028-B29CF552AA38}.Release|Any CPU.Build.0 = Release|Any CPU
		{CCCD594F-A863-4B28-84F5-735B3B521A70}.Debug|Any CPU.ActiveCfg = Debug|Any CPU
		{CCCD594F-A863-4B28-84F5-735B3B521A70}.Debug|Any CPU.Build.0 = Debug|Any CPU
		{CCCD594F-A863-4B28-84F5-735B3B521A70}.Release|Any CPU.ActiveCfg = Release|Any CPU
		{CCCD594F-A863-4B28-84F5-735B3B521A70}.Release|Any CPU.Build.0 = Release|Any CPU
		{9BC8D295-8857-4BEB-B30C-5A216E93127B}.Debug|Any CPU.ActiveCfg = Debug|Any CPU
		{9BC8D295-8857-4BEB-B30C-5A216E93127B}.Debug|Any CPU.Build.0 = Debug|Any CPU
		{9BC8D295-8857-4BEB-B30C-5A216E93127B}.Release|Any CPU.ActiveCfg = Release|Any CPU
		{9BC8D295-8857-4BEB-B30C-5A216E93127B}.Release|Any CPU.Build.0 = Release|Any CPU
		{E3FDED96-7E09-4756-9177-051197F2CB6E}.Debug|Any CPU.ActiveCfg = Debug|Any CPU
		{E3FDED96-7E09-4756-9177-051197F2CB6E}.Debug|Any CPU.Build.0 = Debug|Any CPU
		{E3FDED96-7E09-4756-9177-051197F2CB6E}.Release|Any CPU.ActiveCfg = Release|Any CPU
		{E3FDED96-7E09-4756-9177-051197F2CB6E}.Release|Any CPU.Build.0 = Release|Any CPU
		{FEB781F4-15A6-41EC-903B-0C1BB4A933AB}.Debug|Any CPU.ActiveCfg = Debug|Any CPU
		{FEB781F4-15A6-41EC-903B-0C1BB4A933AB}.Debug|Any CPU.Build.0 = Debug|Any CPU
		{FEB781F4-15A6-41EC-903B-0C1BB4A933AB}.Release|Any CPU.ActiveCfg = Release|Any CPU
		{FEB781F4-15A6-41EC-903B-0C1BB4A933AB}.Release|Any CPU.Build.0 = Release|Any CPU
		{64C6EA75-4E9B-40A2-BA99-F951A4B573FB}.Debug|Any CPU.ActiveCfg = Debug|Any CPU
		{64C6EA75-4E9B-40A2-BA99-F951A4B573FB}.Debug|Any CPU.Build.0 = Debug|Any CPU
		{64C6EA75-4E9B-40A2-BA99-F951A4B573FB}.Release|Any CPU.ActiveCfg = Release|Any CPU
		{64C6EA75-4E9B-40A2-BA99-F951A4B573FB}.Release|Any CPU.Build.0 = Release|Any CPU
		{814070A1-B0CE-4CD3-A58D-D391ABCAED5C}.Debug|Any CPU.ActiveCfg = Debug|Any CPU
		{814070A1-B0CE-4CD3-A58D-D391ABCAED5C}.Debug|Any CPU.Build.0 = Debug|Any CPU
		{814070A1-B0CE-4CD3-A58D-D391ABCAED5C}.Release|Any CPU.ActiveCfg = Release|Any CPU
		{814070A1-B0CE-4CD3-A58D-D391ABCAED5C}.Release|Any CPU.Build.0 = Release|Any CPU
		{31DD291E-FBF1-4B8F-A848-8FED0A3B952F}.Debug|Any CPU.ActiveCfg = Debug|Any CPU
		{31DD291E-FBF1-4B8F-A848-8FED0A3B952F}.Debug|Any CPU.Build.0 = Debug|Any CPU
		{31DD291E-FBF1-4B8F-A848-8FED0A3B952F}.Release|Any CPU.ActiveCfg = Release|Any CPU
		{31DD291E-FBF1-4B8F-A848-8FED0A3B952F}.Release|Any CPU.Build.0 = Release|Any CPU
		{99A43ABC-A1D3-477B-BCDE-C8C26A8A16D4}.Debug|Any CPU.ActiveCfg = Debug|Any CPU
		{99A43ABC-A1D3-477B-BCDE-C8C26A8A16D4}.Debug|Any CPU.Build.0 = Debug|Any CPU
		{99A43ABC-A1D3-477B-BCDE-C8C26A8A16D4}.Release|Any CPU.ActiveCfg = Release|Any CPU
		{99A43ABC-A1D3-477B-BCDE-C8C26A8A16D4}.Release|Any CPU.Build.0 = Release|Any CPU
		{56F9941D-2085-4DF4-876F-20BDA30E8D6A}.Debug|Any CPU.ActiveCfg = Debug|Any CPU
		{56F9941D-2085-4DF4-876F-20BDA30E8D6A}.Debug|Any CPU.Build.0 = Debug|Any CPU
		{56F9941D-2085-4DF4-876F-20BDA30E8D6A}.Release|Any CPU.ActiveCfg = Release|Any CPU
		{56F9941D-2085-4DF4-876F-20BDA30E8D6A}.Release|Any CPU.Build.0 = Release|Any CPU
		{CEF0E0A2-E8E7-4144-A731-2DD3AABC1A5A}.Debug|Any CPU.ActiveCfg = Debug|Any CPU
		{CEF0E0A2-E8E7-4144-A731-2DD3AABC1A5A}.Debug|Any CPU.Build.0 = Debug|Any CPU
		{CEF0E0A2-E8E7-4144-A731-2DD3AABC1A5A}.Release|Any CPU.ActiveCfg = Release|Any CPU
		{CEF0E0A2-E8E7-4144-A731-2DD3AABC1A5A}.Release|Any CPU.Build.0 = Release|Any CPU
		{24D76C89-CCD6-43A3-9143-D11C0448DAA8}.Debug|Any CPU.ActiveCfg = Debug|Any CPU
		{24D76C89-CCD6-43A3-9143-D11C0448DAA8}.Debug|Any CPU.Build.0 = Debug|Any CPU
		{24D76C89-CCD6-43A3-9143-D11C0448DAA8}.Release|Any CPU.ActiveCfg = Release|Any CPU
		{24D76C89-CCD6-43A3-9143-D11C0448DAA8}.Release|Any CPU.Build.0 = Release|Any CPU
		{1EFC7A4E-518E-4EF2-AF4A-2E5EFAEA68F1}.Debug|Any CPU.ActiveCfg = Debug|Any CPU
		{1EFC7A4E-518E-4EF2-AF4A-2E5EFAEA68F1}.Debug|Any CPU.Build.0 = Debug|Any CPU
		{1EFC7A4E-518E-4EF2-AF4A-2E5EFAEA68F1}.Release|Any CPU.ActiveCfg = Release|Any CPU
		{1EFC7A4E-518E-4EF2-AF4A-2E5EFAEA68F1}.Release|Any CPU.Build.0 = Release|Any CPU
		{6978D6CA-2261-4DD6-B7C8-9B73FCF79993}.Debug|Any CPU.ActiveCfg = Debug|Any CPU
		{6978D6CA-2261-4DD6-B7C8-9B73FCF79993}.Debug|Any CPU.Build.0 = Debug|Any CPU
		{6978D6CA-2261-4DD6-B7C8-9B73FCF79993}.Release|Any CPU.ActiveCfg = Release|Any CPU
		{6978D6CA-2261-4DD6-B7C8-9B73FCF79993}.Release|Any CPU.Build.0 = Release|Any CPU
		{0FC0317D-8CD2-4C08-9273-1D4E44E0E983}.Debug|Any CPU.ActiveCfg = Debug|Any CPU
		{0FC0317D-8CD2-4C08-9273-1D4E44E0E983}.Debug|Any CPU.Build.0 = Debug|Any CPU
		{0FC0317D-8CD2-4C08-9273-1D4E44E0E983}.Release|Any CPU.ActiveCfg = Release|Any CPU
		{0FC0317D-8CD2-4C08-9273-1D4E44E0E983}.Release|Any CPU.Build.0 = Release|Any CPU
		{3BAC0B76-40AE-4872-80C9-3DE7C6640FD7}.Debug|Any CPU.ActiveCfg = Debug|Any CPU
		{3BAC0B76-40AE-4872-80C9-3DE7C6640FD7}.Debug|Any CPU.Build.0 = Debug|Any CPU
		{3BAC0B76-40AE-4872-80C9-3DE7C6640FD7}.Release|Any CPU.ActiveCfg = Release|Any CPU
		{3BAC0B76-40AE-4872-80C9-3DE7C6640FD7}.Release|Any CPU.Build.0 = Release|Any CPU
		{B485A6D4-24A8-4050-B3DC-CACCBA3003E5}.Debug|Any CPU.ActiveCfg = Debug|Any CPU
		{B485A6D4-24A8-4050-B3DC-CACCBA3003E5}.Debug|Any CPU.Build.0 = Debug|Any CPU
		{B485A6D4-24A8-4050-B3DC-CACCBA3003E5}.Release|Any CPU.ActiveCfg = Release|Any CPU
		{B485A6D4-24A8-4050-B3DC-CACCBA3003E5}.Release|Any CPU.Build.0 = Release|Any CPU
		{113D505B-ED9D-48E2-878B-3EB373BE23FB}.Debug|Any CPU.ActiveCfg = Debug|Any CPU
		{113D505B-ED9D-48E2-878B-3EB373BE23FB}.Debug|Any CPU.Build.0 = Debug|Any CPU
		{113D505B-ED9D-48E2-878B-3EB373BE23FB}.Release|Any CPU.ActiveCfg = Release|Any CPU
		{113D505B-ED9D-48E2-878B-3EB373BE23FB}.Release|Any CPU.Build.0 = Release|Any CPU
	EndGlobalSection
	GlobalSection(NestedProjects) = preSolution
		{F03A7B5B-2DED-49F9-B843-7BE5545889C8} = {C1AC07E6-395C-4369-8282-029DA5716D1B}
		{67207CDB-0B21-4596-9ABB-5475644852AE} = {C1AC07E6-395C-4369-8282-029DA5716D1B}
		{E5D53B1F-9F85-4035-BBD5-BDD1685223C4} = {53799734-D9C7-4BE8-8FBD-824184F919B1}
		{227CEBFB-331E-4724-87CE-D449114DA4F5} = {8D60223C-C62B-466A-AF52-C41B9CE14999}
		{16593ECD-77DC-4A9C-A2A4-F8965FD89C55} = {8D60223C-C62B-466A-AF52-C41B9CE14999}
		{149CD68C-0F7C-436E-A8E3-BD3084894D02} = {8D60223C-C62B-466A-AF52-C41B9CE14999}
		{2DCBEBB9-9F0D-4992-84EA-D5DED97C4201} = {8D60223C-C62B-466A-AF52-C41B9CE14999}
		{3025A5FF-FFA3-4202-97B1-F02E829444B3} = {8D60223C-C62B-466A-AF52-C41B9CE14999}
		{18139138-579A-4ECC-9D96-A0681938D095} = {8D60223C-C62B-466A-AF52-C41B9CE14999}
		{0E22D3C4-B6CF-4726-8953-0284F86ABA0B} = {8D60223C-C62B-466A-AF52-C41B9CE14999}
		{36A9261B-AF1A-447F-A11F-173E9C2D71B1} = {00057BC9-BB8E-4162-97E5-B8CF08860C6A}
		{BE12D084-83D9-4996-97BC-3271100E182E} = {00057BC9-BB8E-4162-97E5-B8CF08860C6A}
		{11D49416-1005-41E5-8B90-822E30682DCA} = {00057BC9-BB8E-4162-97E5-B8CF08860C6A}
		{E9E75FCA-AAE5-4745-BFE9-77478948530C} = {CA76FCC6-A35C-406F-A2F2-72E7522D5D04}
		{6DB1083A-C7CB-401B-8F05-F144F50153C4} = {CA76FCC6-A35C-406F-A2F2-72E7522D5D04}
		{47966B57-72E3-4134-AEF6-6D36A457935D} = {CA76FCC6-A35C-406F-A2F2-72E7522D5D04}
		{9C207263-360A-4FF4-8094-28D498463847} = {3DA0C6C3-9306-4EE8-BA08-882964355592}
		{29E39A7A-A4D2-40B4-9207-5BC8EC8D038F} = {3DA0C6C3-9306-4EE8-BA08-882964355592}
		{F520DC9D-A7FC-4308-A388-ACD01E775EF4} = {3DA0C6C3-9306-4EE8-BA08-882964355592}
		{2B1230F3-FF8E-4806-8205-F2F7A0D8376B} = {1F166F7B-8171-4678-AC6F-AED25740879D}
		{83D6D4FF-6228-4E44-8C1E-C8060A64BBED} = {1F166F7B-8171-4678-AC6F-AED25740879D}
		{8586B9EC-7654-4CF1-BB87-4665EA4F6BED} = {1F166F7B-8171-4678-AC6F-AED25740879D}
		{B984A027-E3ED-4B04-8EA9-D79F6EA51B6F} = {53799734-D9C7-4BE8-8FBD-824184F919B1}
		{45BC450B-4FF9-41E5-8C77-55D32131ED34} = {53799734-D9C7-4BE8-8FBD-824184F919B1}
		{64ACE70A-51CE-459B-AEC0-0510F77292F6} = {B6DBAC69-715D-484E-AA31-9B9466C4C934}
		{E6FECC85-A527-408B-A786-2C716F48B239} = {B6DBAC69-715D-484E-AA31-9B9466C4C934}
		{30A0C6C1-A19F-4CB5-BBF6-3830F299830B} = {B6DBAC69-715D-484E-AA31-9B9466C4C934}
		{3FC3642C-F97C-43B6-8463-F2A67321DE86} = {FEA463BB-81D6-48AD-9D16-D92480C82A38}
		{CAA8A2D6-6F8C-4543-B8B7-89233784D488} = {FEA463BB-81D6-48AD-9D16-D92480C82A38}
		{CDAC39AD-D86C-44BD-B1D2-8535580783A8} = {FEA463BB-81D6-48AD-9D16-D92480C82A38}
		{84BA8F51-3D11-4D59-A1DE-79B50C13DE46} = {FEA463BB-81D6-48AD-9D16-D92480C82A38}
		{586254D3-7C9F-4BB0-BB56-D1D42C67DA0A} = {7FE81CB2-A4F3-43FC-B348-27A560795AD4}
		{65A27E77-8CAA-428D-8704-8F0B6D801F4B} = {7FE81CB2-A4F3-43FC-B348-27A560795AD4}
		{AB07E9AB-5DC9-42BA-9186-84E0DEAC7D1B} = {7FE81CB2-A4F3-43FC-B348-27A560795AD4}
		{1CDA1544-C1EA-43EB-A3E5-BBDD1A751784} = {CD4D07D8-CBAC-4DD0-B8F7-18A18510A573}
		{2722DD4F-9665-4D61-89C1-113174338C5E} = {CD4D07D8-CBAC-4DD0-B8F7-18A18510A573}
		{40052F0C-7F4E-4135-9028-B29CF552AA38} = {CD4D07D8-CBAC-4DD0-B8F7-18A18510A573}
		{CCCD594F-A863-4B28-84F5-735B3B521A70} = {CD4D07D8-CBAC-4DD0-B8F7-18A18510A573}
		{B0887B34-61EE-4B84-91B9-AFB539B8ABF2} = {4F89B98B-FC8E-4B83-9CB6-D1CE90F174EC}
		{9BC8D295-8857-4BEB-B30C-5A216E93127B} = {B0887B34-61EE-4B84-91B9-AFB539B8ABF2}
		{E3FDED96-7E09-4756-9177-051197F2CB6E} = {B0887B34-61EE-4B84-91B9-AFB539B8ABF2}
		{9D5F14AF-7AEA-4653-B49D-2489DCC5F67A} = {4F89B98B-FC8E-4B83-9CB6-D1CE90F174EC}
		{FEB781F4-15A6-41EC-903B-0C1BB4A933AB} = {9D5F14AF-7AEA-4653-B49D-2489DCC5F67A}
		{64C6EA75-4E9B-40A2-BA99-F951A4B573FB} = {9D5F14AF-7AEA-4653-B49D-2489DCC5F67A}
		{814070A1-B0CE-4CD3-A58D-D391ABCAED5C} = {9D5F14AF-7AEA-4653-B49D-2489DCC5F67A}
		{9002A589-A03F-4C3E-B6AF-72D51036E66D} = {4F89B98B-FC8E-4B83-9CB6-D1CE90F174EC}
		{31DD291E-FBF1-4B8F-A848-8FED0A3B952F} = {9002A589-A03F-4C3E-B6AF-72D51036E66D}
		{99A43ABC-A1D3-477B-BCDE-C8C26A8A16D4} = {9002A589-A03F-4C3E-B6AF-72D51036E66D}
		{E2E61FE6-67F8-4C1F-9860-6B071861E8C1} = {4F89B98B-FC8E-4B83-9CB6-D1CE90F174EC}
		{56F9941D-2085-4DF4-876F-20BDA30E8D6A} = {E2E61FE6-67F8-4C1F-9860-6B071861E8C1}
		{CEF0E0A2-E8E7-4144-A731-2DD3AABC1A5A} = {E2E61FE6-67F8-4C1F-9860-6B071861E8C1}
		{24D76C89-CCD6-43A3-9143-D11C0448DAA8} = {E2E61FE6-67F8-4C1F-9860-6B071861E8C1}
		{8FE2E7AA-40A3-4362-84FD-BF2BC61B3821} = {4F89B98B-FC8E-4B83-9CB6-D1CE90F174EC}
		{1EFC7A4E-518E-4EF2-AF4A-2E5EFAEA68F1} = {8FE2E7AA-40A3-4362-84FD-BF2BC61B3821}
		{6978D6CA-2261-4DD6-B7C8-9B73FCF79993} = {8FE2E7AA-40A3-4362-84FD-BF2BC61B3821}
		{0AFE94CF-CF3E-4B7C-A056-10AE60E6338C} = {4F89B98B-FC8E-4B83-9CB6-D1CE90F174EC}
		{0FC0317D-8CD2-4C08-9273-1D4E44E0E983} = {0AFE94CF-CF3E-4B7C-A056-10AE60E6338C}
		{D880978C-E595-4556-989C-CBCE577E5129} = {4F89B98B-FC8E-4B83-9CB6-D1CE90F174EC}
		{3BAC0B76-40AE-4872-80C9-3DE7C6640FD7} = {D880978C-E595-4556-989C-CBCE577E5129}
		{B485A6D4-24A8-4050-B3DC-CACCBA3003E5} = {D880978C-E595-4556-989C-CBCE577E5129}
		{113D505B-ED9D-48E2-878B-3EB373BE23FB} = {4F89B98B-FC8E-4B83-9CB6-D1CE90F174EC}
	EndGlobalSection
EndGlobal
