
Microsoft Visual Studio Solution File, Format Version 12.00
Project("{FAE04EC0-301F-11D3-BF4B-00C04F79EFBC}") = "OOP_01", "OOP_01\OOP_01.csproj", "{AFC98321-A70D-4A0A-BFA6-742EE7A5A7BA}"
EndProject
Project("{FAE04EC0-301F-11D3-BF4B-00C04F79EFBC}") = "OOP_06", "OOP_06\OOP_06.csproj", "{AFB0ECBD-BB70-4BAC-A667-0CFC1A073977}"
EndProject
Project("{FAE04EC0-301F-11D3-BF4B-00C04F79EFBC}") = "OOP_07.1", "OOP_07.1\OOP_07.1.csproj", "{2B1230F3-FF8E-4806-8205-F2F7A0D8376B}"
EndProject
Project("{FAE04EC0-301F-11D3-BF4B-00C04F79EFBC}") = "OOP_07.2", "OOP_07.2\OOP_07.2.csproj", "{83D6D4FF-6228-4E44-8C1E-C8060A64BBED}"
EndProject
Project("{FAE04EC0-301F-11D3-BF4B-00C04F79EFBC}") = "OOP_07.3", "OOP_07.3\OOP_07.3.csproj", "{8586B9EC-7654-4CF1-BB87-4665EA4F6BED}"
EndProject
Project("{FAE04EC0-301F-11D3-BF4B-00C04F79EFBC}") = "DateTime", "DateTime\DateTime.csproj", "{F531995F-ACBF-4C5A-9807-25F7482BCED6}"
EndProject
Project("{FAE04EC0-301F-11D3-BF4B-00C04F79EFBC}") = "OOP_08.1", "OOP_08.1\OOP_08.1.csproj", "{9C207263-360A-4FF4-8094-28D498463847}"
EndProject
Project("{FAE04EC0-301F-11D3-BF4B-00C04F79EFBC}") = "OOP_08.2", "OOP_08.2\OOP_08.2.csproj", "{29E39A7A-A4D2-40B4-9207-5BC8EC8D038F}"
EndProject
Project("{FAE04EC0-301F-11D3-BF4B-00C04F79EFBC}") = "OOP_08.3", "OOP_08.3\OOP_08.3.csproj", "{F520DC9D-A7FC-4308-A388-ACD01E775EF4}"
EndProject
Project("{FAE04EC0-301F-11D3-BF4B-00C04F79EFBC}") = "OOP_09.1", "OOP_09.1\OOP_09.1.csproj", "{E9E75FCA-AAE5-4745-BFE9-77478948530C}"
EndProject
Project("{FAE04EC0-301F-11D3-BF4B-00C04F79EFBC}") = "OOP_09.2", "OOP_09.2\OOP_09.2.csproj", "{6DB1083A-C7CB-401B-8F05-F144F50153C4}"
EndProject
Project("{FAE04EC0-301F-11D3-BF4B-00C04F79EFBC}") = "OOP_09.3", "OOP_09.3\OOP_09.3.csproj", "{47966B57-72E3-4134-AEF6-6D36A457935D}"
EndProject
Project("{FAE04EC0-301F-11D3-BF4B-00C04F79EFBC}") = "PP37", "PP37\PP37.csproj", "{9C3076CF-6DF9-4219-A25D-DEC234887B3F}"
EndProject
Project("{FAE04EC0-301F-11D3-BF4B-00C04F79EFBC}") = "OOP_01A", "OOP_01A\OOP_01A.csproj", "{DFD2654A-4309-4DDF-8F82-F3FFEFFDEA7C}"
EndProject
Project("{FAE04EC0-301F-11D3-BF4B-00C04F79EFBC}") = "OOP_10.1", "OOP_10.1\OOP_10.1.csproj", "{227CEBFB-331E-4724-87CE-D449114DA4F5}"
EndProject
Project("{FAE04EC0-301F-11D3-BF4B-00C04F79EFBC}") = "OOP_10.2", "OOP_10.2\OOP_10.2.csproj", "{16593ECD-77DC-4A9C-A2A4-F8965FD89C55}"
EndProject
Project("{FAE04EC0-301F-11D3-BF4B-00C04F79EFBC}") = "OOP_10.3", "OOP_10.3\OOP_10.3.csproj", "{149CD68C-0F7C-436E-A8E3-BD3084894D02}"
EndProject
Project("{FAE04EC0-301F-11D3-BF4B-00C04F79EFBC}") = "OOP_10.4", "OOP_10.4\OOP_10.4.csproj", "{2DCBEBB9-9F0D-4992-84EA-D5DED97C4201}"
EndProject
Project("{FAE04EC0-301F-11D3-BF4B-00C04F79EFBC}") = "OOP_06.4", "OOP_06.4\OOP_06.4.csproj", "{D5E6EDA6-F999-4A5B-B1EA-832F3F09A84E}"
EndProject
Project("{FAE04EC0-301F-11D3-BF4B-00C04F79EFBC}") = "OOP_11.1", "OOP_11.1\OOP_11.1.csproj", "{3025A5FF-FFA3-4202-97B1-F02E829444B3}"
EndProject
Project("{FAE04EC0-301F-11D3-BF4B-00C04F79EFBC}") = "OOP_11.2", "OOP_11.2\OOP_11.2.csproj", "{18139138-579A-4ECC-9D96-A0681938D095}"
EndProject
Project("{FAE04EC0-301F-11D3-BF4B-00C04F79EFBC}") = "OOP_11.3", "OOP_11.3\OOP_11.3.csproj", "{0E22D3C4-B6CF-4726-8953-0284F86ABA0B}"
EndProject
Project("{FAE04EC0-301F-11D3-BF4B-00C04F79EFBC}") = "OOP_12.1 Events", "OOP_12.1 Events\OOP_12.1 Events.csproj", "{F03A7B5B-2DED-49F9-B843-7BE5545889C8}"
EndProject
Project("{FAE04EC0-301F-11D3-BF4B-00C04F79EFBC}") = "OOP_12.2 Events", "OOP_12.2 Events\OOP_12.2 Events.csproj", "{67207CDB-0B21-4596-9ABB-5475644852AE}"
EndProject
Project("{FAE04EC0-301F-11D3-BF4B-00C04F79EFBC}") = "OOP_13.1 Threads", "OOP_13.1 Threads\OOP_13.1 Threads.csproj", "{E5D53B1F-9F85-4035-BBD5-BDD1685223C4}"
EndProject
Project("{FAE04EC0-301F-11D3-BF4B-00C04F79EFBC}") = "OOP_13.2 Threads", "OOP_13.2 Threads\OOP_13.2 Threads.csproj", "{B72F7A43-6F3B-4425-A333-820F120E5CA9}"
EndProject
Global
	GlobalSection(SolutionConfigurationPlatforms) = preSolution
		Debug|Any CPU = Debug|Any CPU
		Release|Any CPU = Release|Any CPU
	EndGlobalSection
	GlobalSection(ProjectConfigurationPlatforms) = postSolution
		{AFC98321-A70D-4A0A-BFA6-742EE7A5A7BA}.Debug|Any CPU.ActiveCfg = Debug|Any CPU
		{AFC98321-A70D-4A0A-BFA6-742EE7A5A7BA}.Debug|Any CPU.Build.0 = Debug|Any CPU
		{AFC98321-A70D-4A0A-BFA6-742EE7A5A7BA}.Release|Any CPU.ActiveCfg = Release|Any CPU
		{AFC98321-A70D-4A0A-BFA6-742EE7A5A7BA}.Release|Any CPU.Build.0 = Release|Any CPU
		{AFB0ECBD-BB70-4BAC-A667-0CFC1A073977}.Debug|Any CPU.ActiveCfg = Debug|Any CPU
		{AFB0ECBD-BB70-4BAC-A667-0CFC1A073977}.Debug|Any CPU.Build.0 = Debug|Any CPU
		{AFB0ECBD-BB70-4BAC-A667-0CFC1A073977}.Release|Any CPU.ActiveCfg = Release|Any CPU
		{AFB0ECBD-BB70-4BAC-A667-0CFC1A073977}.Release|Any CPU.Build.0 = Release|Any CPU
		{2B1230F3-FF8E-4806-8205-F2F7A0D8376B}.Debug|Any CPU.ActiveCfg = Debug|Any CPU
		{2B1230F3-FF8E-4806-8205-F2F7A0D8376B}.Debug|Any CPU.Build.0 = Debug|Any CPU
		{2B1230F3-FF8E-4806-8205-F2F7A0D8376B}.Release|Any CPU.ActiveCfg = Release|Any CPU
		{2B1230F3-FF8E-4806-8205-F2F7A0D8376B}.Release|Any CPU.Build.0 = Release|Any CPU
		{83D6D4FF-6228-4E44-8C1E-C8060A64BBED}.Debug|Any CPU.ActiveCfg = Debug|Any CPU
		{83D6D4FF-6228-4E44-8C1E-C8060A64BBED}.Debug|Any CPU.Build.0 = Debug|Any CPU
		{83D6D4FF-6228-4E44-8C1E-C8060A64BBED}.Release|Any CPU.ActiveCfg = Release|Any CPU
		{83D6D4FF-6228-4E44-8C1E-C8060A64BBED}.Release|Any CPU.Build.0 = Release|Any CPU
		{8586B9EC-7654-4CF1-BB87-4665EA4F6BED}.Debug|Any CPU.ActiveCfg = Debug|Any CPU
		{8586B9EC-7654-4CF1-BB87-4665EA4F6BED}.Debug|Any CPU.Build.0 = Debug|Any CPU
		{8586B9EC-7654-4CF1-BB87-4665EA4F6BED}.Release|Any CPU.ActiveCfg = Release|Any CPU
		{8586B9EC-7654-4CF1-BB87-4665EA4F6BED}.Release|Any CPU.Build.0 = Release|Any CPU
		{F531995F-ACBF-4C5A-9807-25F7482BCED6}.Debug|Any CPU.ActiveCfg = Debug|Any CPU
		{F531995F-ACBF-4C5A-9807-25F7482BCED6}.Debug|Any CPU.Build.0 = Debug|Any CPU
		{F531995F-ACBF-4C5A-9807-25F7482BCED6}.Release|Any CPU.ActiveCfg = Release|Any CPU
		{F531995F-ACBF-4C5A-9807-25F7482BCED6}.Release|Any CPU.Build.0 = Release|Any CPU
		{9C207263-360A-4FF4-8094-28D498463847}.Debug|Any CPU.ActiveCfg = Debug|Any CPU
		{9C207263-360A-4FF4-8094-28D498463847}.Debug|Any CPU.Build.0 = Debug|Any CPU
		{9C207263-360A-4FF4-8094-28D498463847}.Release|Any CPU.ActiveCfg = Release|Any CPU
		{9C207263-360A-4FF4-8094-28D498463847}.Release|Any CPU.Build.0 = Release|Any CPU
		{29E39A7A-A4D2-40B4-9207-5BC8EC8D038F}.Debug|Any CPU.ActiveCfg = Debug|Any CPU
		{29E39A7A-A4D2-40B4-9207-5BC8EC8D038F}.Debug|Any CPU.Build.0 = Debug|Any CPU
		{29E39A7A-A4D2-40B4-9207-5BC8EC8D038F}.Release|Any CPU.ActiveCfg = Release|Any CPU
		{29E39A7A-A4D2-40B4-9207-5BC8EC8D038F}.Release|Any CPU.Build.0 = Release|Any CPU
		{F520DC9D-A7FC-4308-A388-ACD01E775EF4}.Debug|Any CPU.ActiveCfg = Debug|Any CPU
		{F520DC9D-A7FC-4308-A388-ACD01E775EF4}.Debug|Any CPU.Build.0 = Debug|Any CPU
		{F520DC9D-A7FC-4308-A388-ACD01E775EF4}.Release|Any CPU.ActiveCfg = Release|Any CPU
		{F520DC9D-A7FC-4308-A388-ACD01E775EF4}.Release|Any CPU.Build.0 = Release|Any CPU
		{E9E75FCA-AAE5-4745-BFE9-77478948530C}.Debug|Any CPU.ActiveCfg = Debug|Any CPU
		{E9E75FCA-AAE5-4745-BFE9-77478948530C}.Debug|Any CPU.Build.0 = Debug|Any CPU
		{E9E75FCA-AAE5-4745-BFE9-77478948530C}.Release|Any CPU.ActiveCfg = Release|Any CPU
		{E9E75FCA-AAE5-4745-BFE9-77478948530C}.Release|Any CPU.Build.0 = Release|Any CPU
		{6DB1083A-C7CB-401B-8F05-F144F50153C4}.Debug|Any CPU.ActiveCfg = Debug|Any CPU
		{6DB1083A-C7CB-401B-8F05-F144F50153C4}.Debug|Any CPU.Build.0 = Debug|Any CPU
		{6DB1083A-C7CB-401B-8F05-F144F50153C4}.Release|Any CPU.ActiveCfg = Release|Any CPU
		{6DB1083A-C7CB-401B-8F05-F144F50153C4}.Release|Any CPU.Build.0 = Release|Any CPU
		{47966B57-72E3-4134-AEF6-6D36A457935D}.Debug|Any CPU.ActiveCfg = Debug|Any CPU
		{47966B57-72E3-4134-AEF6-6D36A457935D}.Debug|Any CPU.Build.0 = Debug|Any CPU
		{47966B57-72E3-4134-AEF6-6D36A457935D}.Release|Any CPU.ActiveCfg = Release|Any CPU
		{47966B57-72E3-4134-AEF6-6D36A457935D}.Release|Any CPU.Build.0 = Release|Any CPU
		{9C3076CF-6DF9-4219-A25D-DEC234887B3F}.Debug|Any CPU.ActiveCfg = Debug|Any CPU
		{9C3076CF-6DF9-4219-A25D-DEC234887B3F}.Debug|Any CPU.Build.0 = Debug|Any CPU
		{9C3076CF-6DF9-4219-A25D-DEC234887B3F}.Release|Any CPU.ActiveCfg = Release|Any CPU
		{9C3076CF-6DF9-4219-A25D-DEC234887B3F}.Release|Any CPU.Build.0 = Release|Any CPU
		{DFD2654A-4309-4DDF-8F82-F3FFEFFDEA7C}.Debug|Any CPU.ActiveCfg = Debug|Any CPU
		{DFD2654A-4309-4DDF-8F82-F3FFEFFDEA7C}.Debug|Any CPU.Build.0 = Debug|Any CPU
		{DFD2654A-4309-4DDF-8F82-F3FFEFFDEA7C}.Release|Any CPU.ActiveCfg = Release|Any CPU
		{DFD2654A-4309-4DDF-8F82-F3FFEFFDEA7C}.Release|Any CPU.Build.0 = Release|Any CPU
		{227CEBFB-331E-4724-87CE-D449114DA4F5}.Debug|Any CPU.ActiveCfg = Debug|Any CPU
		{227CEBFB-331E-4724-87CE-D449114DA4F5}.Debug|Any CPU.Build.0 = Debug|Any CPU
		{227CEBFB-331E-4724-87CE-D449114DA4F5}.Release|Any CPU.ActiveCfg = Release|Any CPU
		{227CEBFB-331E-4724-87CE-D449114DA4F5}.Release|Any CPU.Build.0 = Release|Any CPU
		{16593ECD-77DC-4A9C-A2A4-F8965FD89C55}.Debug|Any CPU.ActiveCfg = Debug|Any CPU
		{16593ECD-77DC-4A9C-A2A4-F8965FD89C55}.Debug|Any CPU.Build.0 = Debug|Any CPU
		{16593ECD-77DC-4A9C-A2A4-F8965FD89C55}.Release|Any CPU.ActiveCfg = Release|Any CPU
		{16593ECD-77DC-4A9C-A2A4-F8965FD89C55}.Release|Any CPU.Build.0 = Release|Any CPU
		{149CD68C-0F7C-436E-A8E3-BD3084894D02}.Debug|Any CPU.ActiveCfg = Debug|Any CPU
		{149CD68C-0F7C-436E-A8E3-BD3084894D02}.Debug|Any CPU.Build.0 = Debug|Any CPU
		{149CD68C-0F7C-436E-A8E3-BD3084894D02}.Release|Any CPU.ActiveCfg = Release|Any CPU
		{149CD68C-0F7C-436E-A8E3-BD3084894D02}.Release|Any CPU.Build.0 = Release|Any CPU
		{2DCBEBB9-9F0D-4992-84EA-D5DED97C4201}.Debug|Any CPU.ActiveCfg = Debug|Any CPU
		{2DCBEBB9-9F0D-4992-84EA-D5DED97C4201}.Debug|Any CPU.Build.0 = Debug|Any CPU
		{2DCBEBB9-9F0D-4992-84EA-D5DED97C4201}.Release|Any CPU.ActiveCfg = Release|Any CPU
		{2DCBEBB9-9F0D-4992-84EA-D5DED97C4201}.Release|Any CPU.Build.0 = Release|Any CPU
		{D5E6EDA6-F999-4A5B-B1EA-832F3F09A84E}.Debug|Any CPU.ActiveCfg = Debug|Any CPU
		{D5E6EDA6-F999-4A5B-B1EA-832F3F09A84E}.Debug|Any CPU.Build.0 = Debug|Any CPU
		{D5E6EDA6-F999-4A5B-B1EA-832F3F09A84E}.Release|Any CPU.ActiveCfg = Release|Any CPU
		{D5E6EDA6-F999-4A5B-B1EA-832F3F09A84E}.Release|Any CPU.Build.0 = Release|Any CPU
		{3025A5FF-FFA3-4202-97B1-F02E829444B3}.Debug|Any CPU.ActiveCfg = Debug|Any CPU
		{3025A5FF-FFA3-4202-97B1-F02E829444B3}.Debug|Any CPU.Build.0 = Debug|Any CPU
		{3025A5FF-FFA3-4202-97B1-F02E829444B3}.Release|Any CPU.ActiveCfg = Release|Any CPU
		{3025A5FF-FFA3-4202-97B1-F02E829444B3}.Release|Any CPU.Build.0 = Release|Any CPU
		{18139138-579A-4ECC-9D96-A0681938D095}.Debug|Any CPU.ActiveCfg = Debug|Any CPU
		{18139138-579A-4ECC-9D96-A0681938D095}.Debug|Any CPU.Build.0 = Debug|Any CPU
		{18139138-579A-4ECC-9D96-A0681938D095}.Release|Any CPU.ActiveCfg = Release|Any CPU
		{18139138-579A-4ECC-9D96-A0681938D095}.Release|Any CPU.Build.0 = Release|Any CPU
		{0E22D3C4-B6CF-4726-8953-0284F86ABA0B}.Debug|Any CPU.ActiveCfg = Debug|Any CPU
		{0E22D3C4-B6CF-4726-8953-0284F86ABA0B}.Debug|Any CPU.Build.0 = Debug|Any CPU
		{0E22D3C4-B6CF-4726-8953-0284F86ABA0B}.Release|Any CPU.ActiveCfg = Release|Any CPU
		{0E22D3C4-B6CF-4726-8953-0284F86ABA0B}.Release|Any CPU.Build.0 = Release|Any CPU
		{F03A7B5B-2DED-49F9-B843-7BE5545889C8}.Debug|Any CPU.ActiveCfg = Debug|Any CPU
		{F03A7B5B-2DED-49F9-B843-7BE5545889C8}.Debug|Any CPU.Build.0 = Debug|Any CPU
		{F03A7B5B-2DED-49F9-B843-7BE5545889C8}.Release|Any CPU.ActiveCfg = Release|Any CPU
		{F03A7B5B-2DED-49F9-B843-7BE5545889C8}.Release|Any CPU.Build.0 = Release|Any CPU
		{67207CDB-0B21-4596-9ABB-5475644852AE}.Debug|Any CPU.ActiveCfg = Debug|Any CPU
		{67207CDB-0B21-4596-9ABB-5475644852AE}.Debug|Any CPU.Build.0 = Debug|Any CPU
		{67207CDB-0B21-4596-9ABB-5475644852AE}.Release|Any CPU.ActiveCfg = Release|Any CPU
		{67207CDB-0B21-4596-9ABB-5475644852AE}.Release|Any CPU.Build.0 = Release|Any CPU
		{E5D53B1F-9F85-4035-BBD5-BDD1685223C4}.Debug|Any CPU.ActiveCfg = Debug|Any CPU
		{E5D53B1F-9F85-4035-BBD5-BDD1685223C4}.Debug|Any CPU.Build.0 = Debug|Any CPU
		{E5D53B1F-9F85-4035-BBD5-BDD1685223C4}.Release|Any CPU.ActiveCfg = Release|Any CPU
		{E5D53B1F-9F85-4035-BBD5-BDD1685223C4}.Release|Any CPU.Build.0 = Release|Any CPU
		{B72F7A43-6F3B-4425-A333-820F120E5CA9}.Debug|Any CPU.ActiveCfg = Debug|Any CPU
		{B72F7A43-6F3B-4425-A333-820F120E5CA9}.Debug|Any CPU.Build.0 = Debug|Any CPU
		{B72F7A43-6F3B-4425-A333-820F120E5CA9}.Release|Any CPU.ActiveCfg = Release|Any CPU
		{B72F7A43-6F3B-4425-A333-820F120E5CA9}.Release|Any CPU.Build.0 = Release|Any CPU
	EndGlobalSection
EndGlobal
