
Microsoft Visual Studio Solution File, Format Version 12.00
Project("{FAE04EC0-301F-11D3-BF4B-00C04F79EFBC}") = "OOP_01", "OOP_01\OOP_01.csproj", "{AFC98321-A70D-4A0A-BFA6-742EE7A5A7BA}"
EndProject
Project("{FAE04EC0-301F-11D3-BF4B-00C04F79EFBC}") = "OOP_06", "OOP_06\OOP_06.csproj", "{AFB0ECBD-BB70-4BAC-A667-0CFC1A073977}"
EndProject
Project("{FAE04EC0-301F-11D3-BF4B-00C04F79EFBC}") = "OOP_07.1", "OOP_07.1\OOP_07.1.csproj", "{2B1230F3-FF8E-4806-8205-F2F7A0D8376B}"
EndProject
Project("{FAE04EC0-301F-11D3-BF4B-00C04F79EFBC}") = "OOP_07.2", "OOP_07.2\OOP_07.2.csproj", "{83D6D4FF-6228-4E44-8C1E-C8060A64BBED}"
EndProject
Project("{FAE04EC0-301F-11D3-BF4B-00C04F79EFBC}") = "OOP_07.3", "OOP_07.3\OOP_07.3.csproj", "{8586B9EC-7654-4CF1-BB87-4665EA4F6BED}"
EndProject
Project("{FAE04EC0-301F-11D3-BF4B-00C04F79EFBC}") = "DateTime", "DateTime\DateTime.csproj", "{F531995F-ACBF-4C5A-9807-25F7482BCED6}"
EndProject
Project("{FAE04EC0-301F-11D3-BF4B-00C04F79EFBC}") = "OOP_08.1", "OOP_08.1\OOP_08.1.csproj", "{9C207263-360A-4FF4-8094-28D498463847}"
EndProject
Project("{FAE04EC0-301F-11D3-BF4B-00C04F79EFBC}") = "OOP_08.2", "OOP_08.2\OOP_08.2.csproj", "{29E39A7A-A4D2-40B4-9207-5BC8EC8D038F}"
EndProject
Project("{FAE04EC0-301F-11D3-BF4B-00C04F79EFBC}") = "OOP_08.3", "OOP_08.3\OOP_08.3.csproj", "{F520DC9D-A7FC-4308-A388-ACD01E775EF4}"
EndProject
Global
	GlobalSection(SolutionConfigurationPlatforms) = preSolution
		Debug|Any CPU = Debug|Any CPU
		Release|Any CPU = Release|Any CPU
	EndGlobalSection
	GlobalSection(ProjectConfigurationPlatforms) = postSolution
		{AFC98321-A70D-4A0A-BFA6-742EE7A5A7BA}.Debug|Any CPU.ActiveCfg = Debug|Any CPU
		{AFC98321-A70D-4A0A-BFA6-742EE7A5A7BA}.Debug|Any CPU.Build.0 = Debug|Any CPU
		{AFC98321-A70D-4A0A-BFA6-742EE7A5A7BA}.Release|Any CPU.ActiveCfg = Release|Any CPU
		{AFC98321-A70D-4A0A-BFA6-742EE7A5A7BA}.Release|Any CPU.Build.0 = Release|Any CPU
		{AFB0ECBD-BB70-4BAC-A667-0CFC1A073977}.Debug|Any CPU.ActiveCfg = Debug|Any CPU
		{AFB0ECBD-BB70-4BAC-A667-0CFC1A073977}.Debug|Any CPU.Build.0 = Debug|Any CPU
		{AFB0ECBD-BB70-4BAC-A667-0CFC1A073977}.Release|Any CPU.ActiveCfg = Release|Any CPU
		{AFB0ECBD-BB70-4BAC-A667-0CFC1A073977}.Release|Any CPU.Build.0 = Release|Any CPU
		{2B1230F3-FF8E-4806-8205-F2F7A0D8376B}.Debug|Any CPU.ActiveCfg = Debug|Any CPU
		{2B1230F3-FF8E-4806-8205-F2F7A0D8376B}.Debug|Any CPU.Build.0 = Debug|Any CPU
		{2B1230F3-FF8E-4806-8205-F2F7A0D8376B}.Release|Any CPU.ActiveCfg = Release|Any CPU
		{2B1230F3-FF8E-4806-8205-F2F7A0D8376B}.Release|Any CPU.Build.0 = Release|Any CPU
		{83D6D4FF-6228-4E44-8C1E-C8060A64BBED}.Debug|Any CPU.ActiveCfg = Debug|Any CPU
		{83D6D4FF-6228-4E44-8C1E-C8060A64BBED}.Debug|Any CPU.Build.0 = Debug|Any CPU
		{83D6D4FF-6228-4E44-8C1E-C8060A64BBED}.Release|Any CPU.ActiveCfg = Release|Any CPU
		{83D6D4FF-6228-4E44-8C1E-C8060A64BBED}.Release|Any CPU.Build.0 = Release|Any CPU
		{8586B9EC-7654-4CF1-BB87-4665EA4F6BED}.Debug|Any CPU.ActiveCfg = Debug|Any CPU
		{8586B9EC-7654-4CF1-BB87-4665EA4F6BED}.Debug|Any CPU.Build.0 = Debug|Any CPU
		{8586B9EC-7654-4CF1-BB87-4665EA4F6BED}.Release|Any CPU.ActiveCfg = Release|Any CPU
		{8586B9EC-7654-4CF1-BB87-4665EA4F6BED}.Release|Any CPU.Build.0 = Release|Any CPU
		{F531995F-ACBF-4C5A-9807-25F7482BCED6}.Debug|Any CPU.ActiveCfg = Debug|Any CPU
		{F531995F-ACBF-4C5A-9807-25F7482BCED6}.Debug|Any CPU.Build.0 = Debug|Any CPU
		{F531995F-ACBF-4C5A-9807-25F7482BCED6}.Release|Any CPU.ActiveCfg = Release|Any CPU
		{F531995F-ACBF-4C5A-9807-25F7482BCED6}.Release|Any CPU.Build.0 = Release|Any CPU
		{9C207263-360A-4FF4-8094-28D498463847}.Debug|Any CPU.ActiveCfg = Debug|Any CPU
		{9C207263-360A-4FF4-8094-28D498463847}.Debug|Any CPU.Build.0 = Debug|Any CPU
		{9C207263-360A-4FF4-8094-28D498463847}.Release|Any CPU.ActiveCfg = Release|Any CPU
		{9C207263-360A-4FF4-8094-28D498463847}.Release|Any CPU.Build.0 = Release|Any CPU
		{29E39A7A-A4D2-40B4-9207-5BC8EC8D038F}.Debug|Any CPU.ActiveCfg = Debug|Any CPU
		{29E39A7A-A4D2-40B4-9207-5BC8EC8D038F}.Debug|Any CPU.Build.0 = Debug|Any CPU
		{29E39A7A-A4D2-40B4-9207-5BC8EC8D038F}.Release|Any CPU.ActiveCfg = Release|Any CPU
		{29E39A7A-A4D2-40B4-9207-5BC8EC8D038F}.Release|Any CPU.Build.0 = Release|Any CPU
		{F520DC9D-A7FC-4308-A388-ACD01E775EF4}.Debug|Any CPU.ActiveCfg = Debug|Any CPU
		{F520DC9D-A7FC-4308-A388-ACD01E775EF4}.Debug|Any CPU.Build.0 = Debug|Any CPU
		{F520DC9D-A7FC-4308-A388-ACD01E775EF4}.Release|Any CPU.ActiveCfg = Release|Any CPU
		{F520DC9D-A7FC-4308-A388-ACD01E775EF4}.Release|Any CPU.Build.0 = Release|Any CPU
	EndGlobalSection
EndGlobal
